// !$*UTF8*$!
{
	archiveVersion = 1;
	classes = {
	};
	objectVersion = 56;
	objects = {

/* Begin PBXBuildFile section */
		9DEA5BDEEC56FC0DED91851A /* AILifeOSApp.swift in Sources */ = {isa = PBXBuildFile; fileRef = 06E8D9890DD070F42D5742CD /* AILifeOSApp.swift */; };
		3F01BBD442EF72FADED49CE3 /* AppEnvironment.swift in Sources */ = {isa = PBXBuildFile; fileRef = DF3B621C03ACBE5EBB52F057 /* AppEnvironment.swift */; };
		394B372B3045A1148C6F6C11 /* MainTabView.swift in Sources */ = {isa = PBXBuildFile; fileRef = 9C04A42002E2B86F09373AFE /* MainTabView.swift */; };
		B7DD5D0FC3462C2C8E85CE91 /* AppButton.swift in Sources */ = {isa = PBXBuildFile; fileRef = 8580E5DBCF0B1B906CEBD8E4 /* AppButton.swift */; };
		0BE32AB4E50CE0D030B7024F /* Chip.swift in Sources */ = {isa = PBXBuildFile; fileRef = E54CF636A0C1D799720B4A75 /* Chip.swift */; };
		037A1EED62A33ABCB831B04C /* EmptyState.swift in Sources */ = {isa = PBXBuildFile; fileRef = 4947E56F552C4E47078C535B /* EmptyState.swift */; };
		E31693D36365197FD0F26246 /* ErrorView.swift in Sources */ = {isa = PBXBuildFile; fileRef = 029DB5B300793FF7772A5B4A /* ErrorView.swift */; };
		193CFC4719DDD91FF831D204 /* GlassCard.swift in Sources */ = {isa = PBXBuildFile; fileRef = 5380691699AC1795E0551202 /* GlassCard.swift */; };
		3E39A0F1D03CBF08801CB42E /* LoadingView.swift in Sources */ = {isa = PBXBuildFile; fileRef = D3E751CC746E7329720A5BFB /* LoadingView.swift */; };
		08F06771D0F80F6BA7F855D8 /* ProgressRing.swift in Sources */ = {isa = PBXBuildFile; fileRef = CB336F772C16FEA9AF62E31E /* ProgressRing.swift */; };
		1B24C89989C0F04C3E2B5DD3 /* StreakBadge.swift in Sources */ = {isa = PBXBuildFile; fileRef = 85BDB3731995D835A44C715A /* StreakBadge.swift */; };
		BC4A3166DE26E81FDFAFCC72 /* TaskCard.swift in Sources */ = {isa = PBXBuildFile; fileRef = 969AB28323FDF929CDEB39BF /* TaskCard.swift */; };
		AA831EC86470C164B9893CD5 /* TimePickerRow.swift in Sources */ = {isa = PBXBuildFile; fileRef = 25456A875133F85C1A93A790 /* TimePickerRow.swift */; };
		7D8AA9303BEEC6976AE69880 /* TimelineCard.swift in Sources */ = {isa = PBXBuildFile; fileRef = 26ACC7EE7522202F144C310B /* TimelineCard.swift */; };
		0B4427CD3DEA9845A78D621A /* Theme.swift in Sources */ = {isa = PBXBuildFile; fileRef = 4439717ADE2DB2BAF067DFB8 /* Theme.swift */; };
		888544A46FFFC98FB2C37FB2 /* APIClient.swift in Sources */ = {isa = PBXBuildFile; fileRef = A3449D3F9ABF4D2D6A68692B /* APIClient.swift */; };
		8A96591B431E0DC09A66F81E /* APIConfig.swift in Sources */ = {isa = PBXBuildFile; fileRef = 989E2B370C7CC4DF438B88FB /* APIConfig.swift */; };
		E9358C2F090D3A1463916B7A /* NotificationScheduler.swift in Sources */ = {isa = PBXBuildFile; fileRef = F49C8EBB15570BBC01EFD2BF /* NotificationScheduler.swift */; };
		2FD5D8B30391960841755BE0 /* ModelContainerSetup.swift in Sources */ = {isa = PBXBuildFile; fileRef = 3B059BFDD419767F7FEEF718 /* ModelContainerSetup.swift */; };
		767FE9687747F0D50F07338F /* AppSettings.swift in Sources */ = {isa = PBXBuildFile; fileRef = AE19C75F1614261F2C8AA82A /* AppSettings.swift */; };
		7EA43554574B186E0C47C632 /* CollegeEvent.swift in Sources */ = {isa = PBXBuildFile; fileRef = 0D8AFBC91A31149CA952C57E /* CollegeEvent.swift */; };
		6A38DF6109BFA6CCF2923D53 /* Enums.swift in Sources */ = {isa = PBXBuildFile; fileRef = 0A9DD4F77D55389A55A8392D /* Enums.swift */; };
		8C08454987588BDE05437964 /* Goal.swift in Sources */ = {isa = PBXBuildFile; fileRef = 58FCA87EC2F84F8F5E7A339D /* Goal.swift */; };
		F74B2BC8DD24EE7C69730DD2 /* NewsArticle.swift in Sources */ = {isa = PBXBuildFile; fileRef = ADA581B70A751044E0B17253 /* NewsArticle.swift */; };
		D859AB43F742EC186BEF2EAD /* ScheduleBlock.swift in Sources */ = {isa = PBXBuildFile; fileRef = FFF9AA22CD980098F2073038 /* ScheduleBlock.swift */; };
		ACED68A899A1FBF885DC5A27 /* Streak.swift in Sources */ = {isa = PBXBuildFile; fileRef = D659C7D7B5D161C0DD403C52 /* Streak.swift */; };
		C60CC2C048793F55A652C57C /* TaskItem.swift in Sources */ = {isa = PBXBuildFile; fileRef = 1D67403C6B01643618D8AFD5 /* TaskItem.swift */; };
		1AFE964180C1D34A0CFEA7BC /* UserProfile.swift in Sources */ = {isa = PBXBuildFile; fileRef = 5A2F72043894231C25FCC6EB /* UserProfile.swift */; };
		4357CA9682C1B884FCA9415C /* Repositories.swift in Sources */ = {isa = PBXBuildFile; fileRef = 1F148C73D0C11523C455945C /* Repositories.swift */; };
		C7A2BD33D45B6502052B8DEA /* DataExportService.swift in Sources */ = {isa = PBXBuildFile; fileRef = C6A6C435AB5CD99057449B12 /* DataExportService.swift */; };
		49997B586B4277EAFDC2F62A /* FocusTimerService.swift in Sources */ = {isa = PBXBuildFile; fileRef = 15AFA48F184C535810906BB2 /* FocusTimerService.swift */; };
		EB65C079ED348A50A5FC4097 /* NewsAIService.swift in Sources */ = {isa = PBXBuildFile; fileRef = 742FEBAF46ABB7EAD7521A66 /* NewsAIService.swift */; };
		FF71CA0ABC7C440A6FC81D99 /* RoutineGenerator.swift in Sources */ = {isa = PBXBuildFile; fileRef = E1A4BA325D196DFEF8246C31 /* RoutineGenerator.swift */; };
		158BA6453CBFD16C3B9F8E12 /* ScheduleService.swift in Sources */ = {isa = PBXBuildFile; fileRef = 03E7D1EF3D9DB8CDFDA7606F /* ScheduleService.swift */; };
		71BD438FF8616121ED3F3C97 /* SleepMusicPlayer.swift in Sources */ = {isa = PBXBuildFile; fileRef = 3E5604AF9436482FEF2C9C36 /* SleepMusicPlayer.swift */; };
		43B3E7E06690BB3044004E73 /* StreakService.swift in Sources */ = {isa = PBXBuildFile; fileRef = 73827D61FA2635CD2E36A2CD /* StreakService.swift */; };
		B60444555D4204F26F81161B /* TaskService.swift in Sources */ = {isa = PBXBuildFile; fileRef = 3AC0AC0AB0F3ADB3A317A937 /* TaskService.swift */; };
		F603ACE5FD05E8A700B87A8A /* DateComposer.swift in Sources */ = {isa = PBXBuildFile; fileRef = B8380EE5C3A6BA31F97246C0 /* DateComposer.swift */; };
		2E217B808F7D5846E9B5AA4F /* DateHelpers.swift in Sources */ = {isa = PBXBuildFile; fileRef = BABA30AD4D070FADD5D00D7B /* DateHelpers.swift */; };
		BE37EA6F464C6719854A5EC0 /* AIChatView.swift in Sources */ = {isa = PBXBuildFile; fileRef = B2FCDC7B49D40AEFDD6754D2 /* AIChatView.swift */; };
		2742ED53BC26209CAADAA9C4 /* AIHubView.swift in Sources */ = {isa = PBXBuildFile; fileRef = 4ECA8249393890E5663FA799 /* AIHubView.swift */; };
		4F0260FAD875522F2063602E /* CollegeView.swift in Sources */ = {isa = PBXBuildFile; fileRef = F7DE2A5778764A8BBE36384F /* CollegeView.swift */; };
		B07CA36FA183FD7345C0BD0E /* FocusView.swift in Sources */ = {isa = PBXBuildFile; fileRef = 86817BA8F18DA989EF4AB43D /* FocusView.swift */; };
		3AEC0DE5483E0C346F4DFB86 /* NewsListView.swift in Sources */ = {isa = PBXBuildFile; fileRef = 9701DBAF7CE8F60E3563A4E1 /* NewsListView.swift */; };
		4054E8893DBB2BE147626222 /* OnboardingStepViews.swift in Sources */ = {isa = PBXBuildFile; fileRef = 3B1C499B465A8078C35291D5 /* OnboardingStepViews.swift */; };
		452995B6CDFF66795D0B55EF /* OnboardingView.swift in Sources */ = {isa = PBXBuildFile; fileRef = 28B9FA70DB51F462A531B4A7 /* OnboardingView.swift */; };
		37F52200452E684567939ADC /* OnboardingViewModel.swift in Sources */ = {isa = PBXBuildFile; fileRef = DEF77F0E47F465581C955317 /* OnboardingViewModel.swift */; };
		5DAC4DB414032E8709E9DA63 /* ScheduleView.swift in Sources */ = {isa = PBXBuildFile; fileRef = 5B469C3EA169878DCC47DACB /* ScheduleView.swift */; };
		97BF39A5D662D28CD9281F4F /* ProfileView.swift in Sources */ = {isa = PBXBuildFile; fileRef = A36AB59A04667BC011D07195 /* ProfileView.swift */; };
		E2157E50DA0EA9AE7969A5FB /* SleepView.swift in Sources */ = {isa = PBXBuildFile; fileRef = 9BA3ED15E80482ACB3BB1FB0 /* SleepView.swift */; };
		927F338638344D6D9219EC06 /* TaskFormView.swift in Sources */ = {isa = PBXBuildFile; fileRef = 58E27DF9E55085F2C682DCDF /* TaskFormView.swift */; };
		9040358C8D23F911463D29BE /* TasksView.swift in Sources */ = {isa = PBXBuildFile; fileRef = 6ED1B8E94B3946B03D1BF735 /* TasksView.swift */; };
		63A90F97F4A2A3F7CBD53284 /* TasksViewModel.swift in Sources */ = {isa = PBXBuildFile; fileRef = EF08AB76D3949F4E95C147CE /* TasksViewModel.swift */; };
		1C9E53D73D4FDDC3DC680EC2 /* TodayView.swift in Sources */ = {isa = PBXBuildFile; fileRef = 4CA4EFF1F92354C2520F1898 /* TodayView.swift */; };
		5E2C616C082DD8A633DEB24D /* TodayViewModel.swift in Sources */ = {isa = PBXBuildFile; fileRef = 216A9132A83EAC7C0C1EE4ED /* TodayViewModel.swift */; };
/* End PBXBuildFile section */

/* Begin PBXFileReference section */
		A1B2C3D408234567890ABCD /* AILifeOS.app */ = {isa = PBXFileReference; explicitFileType = wrapper.application; includeInIndex = 0; path = AILifeOS.app; sourceTree = BUILT_PRODUCTS_DIR; };
		06E8D9890DD070F42D5742CD /* AILifeOSApp.swift */ = {isa = PBXFileReference; lastKnownFileType = sourcecode.swift; path = "AILifeOSApp.swift"; sourceTree = "<group>"; };
		DF3B621C03ACBE5EBB52F057 /* AppEnvironment.swift */ = {isa = PBXFileReference; lastKnownFileType = sourcecode.swift; path = "AppEnvironment.swift"; sourceTree = "<group>"; };
		9C04A42002E2B86F09373AFE /* MainTabView.swift */ = {isa = PBXFileReference; lastKnownFileType = sourcecode.swift; path = "MainTabView.swift"; sourceTree = "<group>"; };
		8580E5DBCF0B1B906CEBD8E4 /* AppButton.swift */ = {isa = PBXFileReference; lastKnownFileType = sourcecode.swift; path = "AppButton.swift"; sourceTree = "<group>"; };
		E54CF636A0C1D799720B4A75 /* Chip.swift */ = {isa = PBXFileReference; lastKnownFileType = sourcecode.swift; path = "Chip.swift"; sourceTree = "<group>"; };
		4947E56F552C4E47078C535B /* EmptyState.swift */ = {isa = PBXFileReference; lastKnownFileType = sourcecode.swift; path = "EmptyState.swift"; sourceTree = "<group>"; };
		029DB5B300793FF7772A5B4A /* ErrorView.swift */ = {isa = PBXFileReference; lastKnownFileType = sourcecode.swift; path = "ErrorView.swift"; sourceTree = "<group>"; };
		5380691699AC1795E0551202 /* GlassCard.swift */ = {isa = PBXFileReference; lastKnownFileType = sourcecode.swift; path = "GlassCard.swift"; sourceTree = "<group>"; };
		D3E751CC746E7329720A5BFB /* LoadingView.swift */ = {isa = PBXFileReference; lastKnownFileType = sourcecode.swift; path = "LoadingView.swift"; sourceTree = "<group>"; };
		CB336F772C16FEA9AF62E31E /* ProgressRing.swift */ = {isa = PBXFileReference; lastKnownFileType = sourcecode.swift; path = "ProgressRing.swift"; sourceTree = "<group>"; };
		85BDB3731995D835A44C715A /* StreakBadge.swift */ = {isa = PBXFileReference; lastKnownFileType = sourcecode.swift; path = "StreakBadge.swift"; sourceTree = "<group>"; };
		969AB28323FDF929CDEB39BF /* TaskCard.swift */ = {isa = PBXFileReference; lastKnownFileType = sourcecode.swift; path = "TaskCard.swift"; sourceTree = "<group>"; };
		25456A875133F85C1A93A790 /* TimePickerRow.swift */ = {isa = PBXFileReference; lastKnownFileType = sourcecode.swift; path = "TimePickerRow.swift"; sourceTree = "<group>"; };
		26ACC7EE7522202F144C310B /* TimelineCard.swift */ = {isa = PBXFileReference; lastKnownFileType = sourcecode.swift; path = "TimelineCard.swift"; sourceTree = "<group>"; };
		4439717ADE2DB2BAF067DFB8 /* Theme.swift */ = {isa = PBXFileReference; lastKnownFileType = sourcecode.swift; path = "Theme.swift"; sourceTree = "<group>"; };
		A3449D3F9ABF4D2D6A68692B /* APIClient.swift */ = {isa = PBXFileReference; lastKnownFileType = sourcecode.swift; path = "APIClient.swift"; sourceTree = "<group>"; };
		989E2B370C7CC4DF438B88FB /* APIConfig.swift */ = {isa = PBXFileReference; lastKnownFileType = sourcecode.swift; path = "APIConfig.swift"; sourceTree = "<group>"; };
		F49C8EBB15570BBC01EFD2BF /* NotificationScheduler.swift */ = {isa = PBXFileReference; lastKnownFileType = sourcecode.swift; path = "NotificationScheduler.swift"; sourceTree = "<group>"; };
		3B059BFDD419767F7FEEF718 /* ModelContainerSetup.swift */ = {isa = PBXFileReference; lastKnownFileType = sourcecode.swift; path = "ModelContainerSetup.swift"; sourceTree = "<group>"; };
		AE19C75F1614261F2C8AA82A /* AppSettings.swift */ = {isa = PBXFileReference; lastKnownFileType = sourcecode.swift; path = "AppSettings.swift"; sourceTree = "<group>"; };
		0D8AFBC91A31149CA952C57E /* CollegeEvent.swift */ = {isa = PBXFileReference; lastKnownFileType = sourcecode.swift; path = "CollegeEvent.swift"; sourceTree = "<group>"; };
		0A9DD4F77D55389A55A8392D /* Enums.swift */ = {isa = PBXFileReference; lastKnownFileType = sourcecode.swift; path = "Enums.swift"; sourceTree = "<group>"; };
		58FCA87EC2F84F8F5E7A339D /* Goal.swift */ = {isa = PBXFileReference; lastKnownFileType = sourcecode.swift; path = "Goal.swift"; sourceTree = "<group>"; };
		ADA581B70A751044E0B17253 /* NewsArticle.swift */ = {isa = PBXFileReference; lastKnownFileType = sourcecode.swift; path = "NewsArticle.swift"; sourceTree = "<group>"; };
		FFF9AA22CD980098F2073038 /* ScheduleBlock.swift */ = {isa = PBXFileReference; lastKnownFileType = sourcecode.swift; path = "ScheduleBlock.swift"; sourceTree = "<group>"; };
		D659C7D7B5D161C0DD403C52 /* Streak.swift */ = {isa = PBXFileReference; lastKnownFileType = sourcecode.swift; path = "Streak.swift"; sourceTree = "<group>"; };
		1D67403C6B01643618D8AFD5 /* TaskItem.swift */ = {isa = PBXFileReference; lastKnownFileType = sourcecode.swift; path = "TaskItem.swift"; sourceTree = "<group>"; };
		5A2F72043894231C25FCC6EB /* UserProfile.swift */ = {isa = PBXFileReference; lastKnownFileType = sourcecode.swift; path = "UserProfile.swift"; sourceTree = "<group>"; };
		1F148C73D0C11523C455945C /* Repositories.swift */ = {isa = PBXFileReference; lastKnownFileType = sourcecode.swift; path = "Repositories.swift"; sourceTree = "<group>"; };
		C6A6C435AB5CD99057449B12 /* DataExportService.swift */ = {isa = PBXFileReference; lastKnownFileType = sourcecode.swift; path = "DataExportService.swift"; sourceTree = "<group>"; };
		15AFA48F184C535810906BB2 /* FocusTimerService.swift */ = {isa = PBXFileReference; lastKnownFileType = sourcecode.swift; path = "FocusTimerService.swift"; sourceTree = "<group>"; };
		742FEBAF46ABB7EAD7521A66 /* NewsAIService.swift */ = {isa = PBXFileReference; lastKnownFileType = sourcecode.swift; path = "NewsAIService.swift"; sourceTree = "<group>"; };
		E1A4BA325D196DFEF8246C31 /* RoutineGenerator.swift */ = {isa = PBXFileReference; lastKnownFileType = sourcecode.swift; path = "RoutineGenerator.swift"; sourceTree = "<group>"; };
		03E7D1EF3D9DB8CDFDA7606F /* ScheduleService.swift */ = {isa = PBXFileReference; lastKnownFileType = sourcecode.swift; path = "ScheduleService.swift"; sourceTree = "<group>"; };
		3E5604AF9436482FEF2C9C36 /* SleepMusicPlayer.swift */ = {isa = PBXFileReference; lastKnownFileType = sourcecode.swift; path = "SleepMusicPlayer.swift"; sourceTree = "<group>"; };
		73827D61FA2635CD2E36A2CD /* StreakService.swift */ = {isa = PBXFileReference; lastKnownFileType = sourcecode.swift; path = "StreakService.swift"; sourceTree = "<group>"; };
		3AC0AC0AB0F3ADB3A317A937 /* TaskService.swift */ = {isa = PBXFileReference; lastKnownFileType = sourcecode.swift; path = "TaskService.swift"; sourceTree = "<group>"; };
		B8380EE5C3A6BA31F97246C0 /* DateComposer.swift */ = {isa = PBXFileReference; lastKnownFileType = sourcecode.swift; path = "DateComposer.swift"; sourceTree = "<group>"; };
		BABA30AD4D070FADD5D00D7B /* DateHelpers.swift */ = {isa = PBXFileReference; lastKnownFileType = sourcecode.swift; path = "DateHelpers.swift"; sourceTree = "<group>"; };
		B2FCDC7B49D40AEFDD6754D2 /* AIChatView.swift */ = {isa = PBXFileReference; lastKnownFileType = sourcecode.swift; path = "AIChatView.swift"; sourceTree = "<group>"; };
		4ECA8249393890E5663FA799 /* AIHubView.swift */ = {isa = PBXFileReference; lastKnownFileType = sourcecode.swift; path = "AIHubView.swift"; sourceTree = "<group>"; };
		F7DE2A5778764A8BBE36384F /* CollegeView.swift */ = {isa = PBXFileReference; lastKnownFileType = sourcecode.swift; path = "CollegeView.swift"; sourceTree = "<group>"; };
		86817BA8F18DA989EF4AB43D /* FocusView.swift */ = {isa = PBXFileReference; lastKnownFileType = sourcecode.swift; path = "FocusView.swift"; sourceTree = "<group>"; };
		9701DBAF7CE8F60E3563A4E1 /* NewsListView.swift */ = {isa = PBXFileReference; lastKnownFileType = sourcecode.swift; path = "NewsListView.swift"; sourceTree = "<group>"; };
		3B1C499B465A8078C35291D5 /* OnboardingStepViews.swift */ = {isa = PBXFileReference; lastKnownFileType = sourcecode.swift; path = "OnboardingStepViews.swift"; sourceTree = "<group>"; };
		28B9FA70DB51F462A531B4A7 /* OnboardingView.swift */ = {isa = PBXFileReference; lastKnownFileType = sourcecode.swift; path = "OnboardingView.swift"; sourceTree = "<group>"; };
		DEF77F0E47F465581C955317 /* OnboardingViewModel.swift */ = {isa = PBXFileReference; lastKnownFileType = sourcecode.swift; path = "OnboardingViewModel.swift"; sourceTree = "<group>"; };
		5B469C3EA169878DCC47DACB /* ScheduleView.swift */ = {isa = PBXFileReference; lastKnownFileType = sourcecode.swift; path = "ScheduleView.swift"; sourceTree = "<group>"; };
		A36AB59A04667BC011D07195 /* ProfileView.swift */ = {isa = PBXFileReference; lastKnownFileType = sourcecode.swift; path = "ProfileView.swift"; sourceTree = "<group>"; };
		9BA3ED15E80482ACB3BB1FB0 /* SleepView.swift */ = {isa = PBXFileReference; lastKnownFileType = sourcecode.swift; path = "SleepView.swift"; sourceTree = "<group>"; };
		58E27DF9E55085F2C682DCDF /* TaskFormView.swift */ = {isa = PBXFileReference; lastKnownFileType = sourcecode.swift; path = "TaskFormView.swift"; sourceTree = "<group>"; };
		6ED1B8E94B3946B03D1BF735 /* TasksView.swift */ = {isa = PBXFileReference; lastKnownFileType = sourcecode.swift; path = "TasksView.swift"; sourceTree = "<group>"; };
		EF08AB76D3949F4E95C147CE /* TasksViewModel.swift */ = {isa = PBXFileReference; lastKnownFileType = sourcecode.swift; path = "TasksViewModel.swift"; sourceTree = "<group>"; };
		4CA4EFF1F92354C2520F1898 /* TodayView.swift */ = {isa = PBXFileReference; lastKnownFileType = sourcecode.swift; path = "TodayView.swift"; sourceTree = "<group>"; };
		216A9132A83EAC7C0C1EE4ED /* TodayViewModel.swift */ = {isa = PBXFileReference; lastKnownFileType = sourcecode.swift; path = "TodayViewModel.swift"; sourceTree = "<group>"; };
/* End PBXFileReference section */

/* Begin PBXFrameworksBuildPhase section */
		A1B2C3D406234567890ABCD /* Frameworks */ = {
			isa = PBXFrameworksBuildPhase;
			buildActionMask = 2147483647;
			files = (
			);
			runOnlyForDeploymentPostprocessing = 0;
		};
/* End PBXFrameworksBuildPhase section */

/* Begin PBXGroup section */
		A1B2C3D404234567890ABCD /* Products */ = {
			isa = PBXGroup;
			children = (
				A1B2C3D408234567890ABCD /* AILifeOS.app */,
			);
			name = Products;
			sourceTree = "<group>";
		};
		7BDF21D5350607BFF22C2709 = {
			isa = PBXGroup;
			children = (
				A33E20D84396367D4E956C8E,
				A1B2C3D404234567890ABCD,
			);
			sourceTree = "<group>";
		};
		A33E20D84396367D4E956C8E = {
			isa = PBXGroup;
			children = (
				9A5AFD5FA43ABECFA58AFF5D,
				E5329385BECEB497C845F5C4,
				66CB1D5BC2F9D9BECC96C428,
				932C790541190D80D69D7033,
				23DED2E8C6D668DBB7353415,
			);
			path = ios;
			sourceTree = "<group>";
		};
		9A5AFD5FA43ABECFA58AFF5D = {
			isa = PBXGroup;
			children = (
				06E8D9890DD070F42D5742CD,
				DF3B621C03ACBE5EBB52F057,
				9C04A42002E2B86F09373AFE,
			);
			path = App;
			sourceTree = "<group>";
		};
		E5329385BECEB497C845F5C4 = {
			isa = PBXGroup;
			children = (
				BE3368415B77602B2EEBCE03,
				8283ADA71613575DB06D2CC7,
			);
			path = Assets.xcassets;
			sourceTree = "<group>";
		};
		BE3368415B77602B2EEBCE03 = {
			isa = PBXGroup;
			children = (
			);
			path = AccentColor.colorset;
			sourceTree = "<group>";
		};
		8283ADA71613575DB06D2CC7 = {
			isa = PBXGroup;
			children = (
			);
			path = AppIcon.appiconset;
			sourceTree = "<group>";
		};
		66CB1D5BC2F9D9BECC96C428 = {
			isa = PBXGroup;
			children = (
				005EDB2F0245CCB1D3C62157,
				58CC2E30F4C42CE9DC7C5350,
				D383BFAFFCE649AA81031E3B,
				0A6D5CB1F1FED4EE4688D618,
				0123E804951726D8F7845949,
				B40AB4A05BAAE4CC8B413867,
			);
			path = Core;
			sourceTree = "<group>";
		};
		005EDB2F0245CCB1D3C62157 = {
			isa = PBXGroup;
			children = (
				8D77FB41EBACDACF52132D0D,
				4439717ADE2DB2BAF067DFB8,
			);
			path = DesignSystem;
			sourceTree = "<group>";
		};
		8D77FB41EBACDACF52132D0D = {
			isa = PBXGroup;
			children = (
				8580E5DBCF0B1B906CEBD8E4,
				E54CF636A0C1D799720B4A75,
				4947E56F552C4E47078C535B,
				029DB5B300793FF7772A5B4A,
				5380691699AC1795E0551202,
				D3E751CC746E7329720A5BFB,
				CB336F772C16FEA9AF62E31E,
				85BDB3731995D835A44C715A,
				969AB28323FDF929CDEB39BF,
				25456A875133F85C1A93A790,
				26ACC7EE7522202F144C310B,
			);
			path = Components;
			sourceTree = "<group>";
		};
		58CC2E30F4C42CE9DC7C5350 = {
			isa = PBXGroup;
			children = (
				A3449D3F9ABF4D2D6A68692B,
				989E2B370C7CC4DF438B88FB,
			);
			path = Networking;
			sourceTree = "<group>";
		};
		D383BFAFFCE649AA81031E3B = {
			isa = PBXGroup;
			children = (
				F49C8EBB15570BBC01EFD2BF,
			);
			path = Notifications;
			sourceTree = "<group>";
		};
		0A6D5CB1F1FED4EE4688D618 = {
			isa = PBXGroup;
			children = (
				3B059BFDD419767F7FEEF718,
				E8269FABC6FCB94C90AE45B4,
				8B38249FB6913ABA454CDE83,
			);
			path = Persistence;
			sourceTree = "<group>";
		};
		E8269FABC6FCB94C90AE45B4 = {
			isa = PBXGroup;
			children = (
				AE19C75F1614261F2C8AA82A,
				0D8AFBC91A31149CA952C57E,
				0A9DD4F77D55389A55A8392D,
				58FCA87EC2F84F8F5E7A339D,
				ADA581B70A751044E0B17253,
				FFF9AA22CD980098F2073038,
				D659C7D7B5D161C0DD403C52,
				1D67403C6B01643618D8AFD5,
				5A2F72043894231C25FCC6EB,
			);
			path = Models;
			sourceTree = "<group>";
		};
		8B38249FB6913ABA454CDE83 = {
			isa = PBXGroup;
			children = (
				1F148C73D0C11523C455945C,
			);
			path = Repositories;
			sourceTree = "<group>";
		};
		0123E804951726D8F7845949 = {
			isa = PBXGroup;
			children = (
				C6A6C435AB5CD99057449B12,
				15AFA48F184C535810906BB2,
				742FEBAF46ABB7EAD7521A66,
				E1A4BA325D196DFEF8246C31,
				03E7D1EF3D9DB8CDFDA7606F,
				3E5604AF9436482FEF2C9C36,
				73827D61FA2635CD2E36A2CD,
				3AC0AC0AB0F3ADB3A317A937,
			);
			path = Services;
			sourceTree = "<group>";
		};
		B40AB4A05BAAE4CC8B413867 = {
			isa = PBXGroup;
			children = (
				B8380EE5C3A6BA31F97246C0,
				BABA30AD4D070FADD5D00D7B,
			);
			path = Utilities;
			sourceTree = "<group>";
		};
		932C790541190D80D69D7033 = {
			isa = PBXGroup;
			children = (
				B1D20FF309FA84626EF12E03,
				138A3CE75FEE2696AA683FE2,
				9BC131FA638A2C450732FAE0,
				8EF2090243CADA6109F0F76A,
				313ECB9B8C6DA70D6D73BFF6,
				71EF4476CE5896F82A78C599,
				2EE54362CFBEBAC72AE4D15D,
				4AA42C7B42892E1152EA2E8B,
				C6FE57DAA043F4999EBA9A56,
				E2A20D8C3A73E630FA970A32,
			);
			path = Features;
			sourceTree = "<group>";
		};
		B1D20FF309FA84626EF12E03 = {
			isa = PBXGroup;
			children = (
				B2FCDC7B49D40AEFDD6754D2,
				4ECA8249393890E5663FA799,
			);
			path = AI;
			sourceTree = "<group>";
		};
		138A3CE75FEE2696AA683FE2 = {
			isa = PBXGroup;
			children = (
				F7DE2A5778764A8BBE36384F,
			);
			path = College;
			sourceTree = "<group>";
		};
		9BC131FA638A2C450732FAE0 = {
			isa = PBXGroup;
			children = (
				86817BA8F18DA989EF4AB43D,
			);
			path = Focus;
			sourceTree = "<group>";
		};
		8EF2090243CADA6109F0F76A = {
			isa = PBXGroup;
			children = (
				9701DBAF7CE8F60E3563A4E1,
			);
			path = News;
			sourceTree = "<group>";
		};
		313ECB9B8C6DA70D6D73BFF6 = {
			isa = PBXGroup;
			children = (
				3B1C499B465A8078C35291D5,
				28B9FA70DB51F462A531B4A7,
				DEF77F0E47F465581C955317,
			);
			path = Onboarding;
			sourceTree = "<group>";
		};
		71EF4476CE5896F82A78C599 = {
			isa = PBXGroup;
			children = (
				5B469C3EA169878DCC47DACB,
			);
			path = Schedule;
			sourceTree = "<group>";
		};
		2EE54362CFBEBAC72AE4D15D = {
			isa = PBXGroup;
			children = (
				A36AB59A04667BC011D07195,
			);
			path = Settings;
			sourceTree = "<group>";
		};
		4AA42C7B42892E1152EA2E8B = {
			isa = PBXGroup;
			children = (
				9BA3ED15E80482ACB3BB1FB0,
			);
			path = Sleep;
			sourceTree = "<group>";
		};
		C6FE57DAA043F4999EBA9A56 = {
			isa = PBXGroup;
			children = (
				58E27DF9E55085F2C682DCDF,
				6ED1B8E94B3946B03D1BF735,
				EF08AB76D3949F4E95C147CE,
			);
			path = Tasks;
			sourceTree = "<group>";
		};
		E2A20D8C3A73E630FA970A32 = {
			isa = PBXGroup;
			children = (
				4CA4EFF1F92354C2520F1898,
				216A9132A83EAC7C0C1EE4ED,
			);
			path = Today;
			sourceTree = "<group>";
		};
		23DED2E8C6D668DBB7353415 = {
			isa = PBXGroup;
			children = (
			);
			path = Tests;
			sourceTree = "<group>";
		};
/* End PBXGroup section */

/* Begin PBXNativeTarget section */
		A1B2C3D402234567890ABCD /* AILifeOS */ = {
			isa = PBXNativeTarget;
			buildConfigurationList = A1B2C3D40A234567890ABCD /* Build configuration list for PBXNativeTarget "AILifeOS" */;
			buildPhases = (
				A1B2C3D405234567890ABCD /* Sources */,
				A1B2C3D406234567890ABCD /* Frameworks */,
				A1B2C3D407234567890ABCD /* Resources */,
			);
			buildRules = (
			);
			dependencies = (
			);
			name = AILifeOS;
			productName = AILifeOS;
			productReference = A1B2C3D408234567890ABCD /* AILifeOS.app */;
			productType = "com.apple.product-type.application";
		};
/* End PBXNativeTarget section */

/* Begin PBXProject section */
		A1B2C3D401234567890ABCD /* Project object */ = {
			isa = PBXProject;
			attributes = {
				BuildIndependentTargetsInParallel = 1;
				LastSwiftUpdateCheck = 1500;
				LastUpgradeCheck = 1500;
				TargetAttributes = {
					A1B2C3D402234567890ABCD = {
						CreatedOnToolsVersion = 15.0;
					};
				};
			};
			buildConfigurationList = A1B2C3D409234567890ABCD /* Build configuration list for PBXProject "AILifeOS" */;
			compatibilityVersion = "Xcode 14.0";
			developmentRegion = en;
			hasScannedForEncodings = 0;
			knownRegions = (
				en,
				Base,
			);
			mainGroup = 7BDF21D5350607BFF22C2709;
			productRefGroup = A1B2C3D404234567890ABCD /* Products */;
			projectDirPath = "";
			projectRoot = "";
			targets = (
				A1B2C3D402234567890ABCD /* AILifeOS */,
			);
		};
/* End PBXProject section */

/* Begin PBXResourcesBuildPhase section */
		A1B2C3D407234567890ABCD /* Resources */ = {
			isa = PBXResourcesBuildPhase;
			buildActionMask = 2147483647;
			files = (
			);
			runOnlyForDeploymentPostprocessing = 0;
		};
/* End PBXResourcesBuildPhase section */

/* Begin PBXSourcesBuildPhase section */
		A1B2C3D405234567890ABCD /* Sources */ = {
			isa = PBXSourcesBuildPhase;
			buildActionMask = 2147483647;
			files = (
				9DEA5BDEEC56FC0DED91851A /* AILifeOSApp.swift in Sources */,
				3F01BBD442EF72FADED49CE3 /* AppEnvironment.swift in Sources */,
				394B372B3045A1148C6F6C11 /* MainTabView.swift in Sources */,
				B7DD5D0FC3462C2C8E85CE91 /* AppButton.swift in Sources */,
				0BE32AB4E50CE0D030B7024F /* Chip.swift in Sources */,
				037A1EED62A33ABCB831B04C /* EmptyState.swift in Sources */,
				E31693D36365197FD0F26246 /* ErrorView.swift in Sources */,
				193CFC4719DDD91FF831D204 /* GlassCard.swift in Sources */,
				3E39A0F1D03CBF08801CB42E /* LoadingView.swift in Sources */,
				08F06771D0F80F6BA7F855D8 /* ProgressRing.swift in Sources */,
				1B24C89989C0F04C3E2B5DD3 /* StreakBadge.swift in Sources */,
				BC4A3166DE26E81FDFAFCC72 /* TaskCard.swift in Sources */,
				AA831EC86470C164B9893CD5 /* TimePickerRow.swift in Sources */,
				7D8AA9303BEEC6976AE69880 /* TimelineCard.swift in Sources */,
				0B4427CD3DEA9845A78D621A /* Theme.swift in Sources */,
				888544A46FFFC98FB2C37FB2 /* APIClient.swift in Sources */,
				8A96591B431E0DC09A66F81E /* APIConfig.swift in Sources */,
				E9358C2F090D3A1463916B7A /* NotificationScheduler.swift in Sources */,
				2FD5D8B30391960841755BE0 /* ModelContainerSetup.swift in Sources */,
				767FE9687747F0D50F07338F /* AppSettings.swift in Sources */,
				7EA43554574B186E0C47C632 /* CollegeEvent.swift in Sources */,
				6A38DF6109BFA6CCF2923D53 /* Enums.swift in Sources */,
				8C08454987588BDE05437964 /* Goal.swift in Sources */,
				F74B2BC8DD24EE7C69730DD2 /* NewsArticle.swift in Sources */,
				D859AB43F742EC186BEF2EAD /* ScheduleBlock.swift in Sources */,
				ACED68A899A1FBF885DC5A27 /* Streak.swift in Sources */,
				C60CC2C048793F55A652C57C /* TaskItem.swift in Sources */,
				1AFE964180C1D34A0CFEA7BC /* UserProfile.swift in Sources */,
				4357CA9682C1B884FCA9415C /* Repositories.swift in Sources */,
				C7A2BD33D45B6502052B8DEA /* DataExportService.swift in Sources */,
				49997B586B4277EAFDC2F62A /* FocusTimerService.swift in Sources */,
				EB65C079ED348A50A5FC4097 /* NewsAIService.swift in Sources */,
				FF71CA0ABC7C440A6FC81D99 /* RoutineGenerator.swift in Sources */,
				158BA6453CBFD16C3B9F8E12 /* ScheduleService.swift in Sources */,
				71BD438FF8616121ED3F3C97 /* SleepMusicPlayer.swift in Sources */,
				43B3E7E06690BB3044004E73 /* StreakService.swift in Sources */,
				B60444555D4204F26F81161B /* TaskService.swift in Sources */,
				F603ACE5FD05E8A700B87A8A /* DateComposer.swift in Sources */,
				2E217B808F7D5846E9B5AA4F /* DateHelpers.swift in Sources */,
				BE37EA6F464C6719854A5EC0 /* AIChatView.swift in Sources */,
				2742ED53BC26209CAADAA9C4 /* AIHubView.swift in Sources */,
				4F0260FAD875522F2063602E /* CollegeView.swift in Sources */,
				B07CA36FA183FD7345C0BD0E /* FocusView.swift in Sources */,
				3AEC0DE5483E0C346F4DFB86 /* NewsListView.swift in Sources */,
				4054E8893DBB2BE147626222 /* OnboardingStepViews.swift in Sources */,
				452995B6CDFF66795D0B55EF /* OnboardingView.swift in Sources */,
				37F52200452E684567939ADC /* OnboardingViewModel.swift in Sources */,
				5DAC4DB414032E8709E9DA63 /* ScheduleView.swift in Sources */,
				97BF39A5D662D28CD9281F4F /* ProfileView.swift in Sources */,
				E2157E50DA0EA9AE7969A5FB /* SleepView.swift in Sources */,
				927F338638344D6D9219EC06 /* TaskFormView.swift in Sources */,
				9040358C8D23F911463D29BE /* TasksView.swift in Sources */,
				63A90F97F4A2A3F7CBD53284 /* TasksViewModel.swift in Sources */,
				1C9E53D73D4FDDC3DC680EC2 /* TodayView.swift in Sources */,
				5E2C616C082DD8A633DEB24D /* TodayViewModel.swift in Sources */,
			);
			runOnlyForDeploymentPostprocessing = 0;
		};
/* End PBXSourcesBuildPhase section */

/* Begin XCBuildConfiguration section */
		A1B2C3D40B234567890ABCD /* Debug */ = {
			isa = XCBuildConfiguration;
			buildSettings = {
				ALWAYS_SEARCH_USER_PATHS = NO;
				CLANG_ENABLE_MODULES = YES;
				CLANG_ENABLE_OBJC_ARC = YES;
				COPY_PHASE_STRIP = NO;
				DEBUG_INFORMATION_FORMAT = dwarf;
				ENABLE_STRICT_OBJC_MSGSEND = YES;
				ENABLE_TESTABILITY = YES;
				GCC_DYNAMIC_NO_PIC = NO;
				GCC_OPTIMIZATION_LEVEL = 0;
				GCC_PREPROCESSOR_DEFINITIONS = (
					"DEBUG=1",
					"$(inherited)",
				);
				IPHONEOS_DEPLOYMENT_TARGET = 17.0;
				MTL_ENABLE_DEBUG_INFO = INCLUDE_SOURCE;
				ONLY_ACTIVE_ARCH = YES;
				SDKROOT = iphoneos;
				SWIFT_ACTIVE_COMPILATION_CONDITIONS = DEBUG;
				SWIFT_OPTIMIZATION_LEVEL = "-Onone";
			};
			name = Debug;
		};
		A1B2C3D40C234567890ABCD /* Release */ = {
			isa = XCBuildConfiguration;
			buildSettings = {
				ALWAYS_SEARCH_USER_PATHS = NO;
				CLANG_ENABLE_MODULES = YES;
				CLANG_ENABLE_OBJC_ARC = YES;
				COPY_PHASE_STRIP = NO;
				DEBUG_INFORMATION_FORMAT = "dwarf-with-dsym";
				ENABLE_NS_ASSERTIONS = NO;
				ENABLE_STRICT_OBJC_MSGSEND = YES;
				IPHONEOS_DEPLOYMENT_TARGET = 17.0;
				MTL_ENABLE_DEBUG_INFO = NO;
				SDKROOT = iphoneos;
				SWIFT_COMPILATION_MODE = wholemodule;
				VALIDATE_PRODUCT = YES;
			};
			name = Release;
		};
		A1B2C3D40D234567890ABCD /* Debug */ = {
			isa = XCBuildConfiguration;
			buildSettings = {
				ASSETCATALOG_COMPILER_APPICON_NAME = AppIcon;
				ASSETCATALOG_COMPILER_GLOBAL_ACCENT_COLOR_NAME = AccentColor;
				CODE_SIGN_STYLE = Automatic;
				CURRENT_PROJECT_VERSION = 1;
				DEVELOPMENT_TEAM = "";
				ENABLE_PREVIEWS = YES;
				GENERATE_INFOPLIST_FILE = YES;
				INFOPLIST_FILE = Info.plist;
				INFOPLIST_KEY_CFBundleDisplayName = "AI LifeOS";
				INFOPLIST_KEY_NSUserNotificationsUsageDescription = "Used to remind you about tasks, routines, and your daily briefing.";
				INFOPLIST_KEY_UIApplicationSceneManifest_Generation = YES;
				INFOPLIST_KEY_UIApplicationSupportsIndirectInputEvents = YES;
				INFOPLIST_KEY_UILaunchScreen_Generation = YES;
				INFOPLIST_KEY_UISupportedInterfaceOrientations_iPhone = "UIInterfaceOrientationPortrait UIInterfaceOrientationLandscapeLeft UIInterfaceOrientationLandscapeRight";
				LD_RUNPATH_SEARCH_PATHS = (
					"$(inherited)",
					"@executable_path/Frameworks",
				);
				MARKETING_VERSION = 1.0;
				PRODUCT_BUNDLE_IDENTIFIER = com.ailifeos.app;
				PRODUCT_NAME = "$(TARGET_NAME)";
				SWIFT_EMIT_LOC_STRINGS = YES;
				SWIFT_VERSION = 5.0;
				TARGETED_DEVICE_FAMILY = 1;
			};
			name = Debug;
		};
		A1B2C3D40E234567890ABCD /* Release */ = {
			isa = XCBuildConfiguration;
			buildSettings = {
				ASSETCATALOG_COMPILER_APPICON_NAME = AppIcon;
				ASSETCATALOG_COMPILER_GLOBAL_ACCENT_COLOR_NAME = AccentColor;
				CODE_SIGN_STYLE = Automatic;
				CURRENT_PROJECT_VERSION = 1;
				DEVELOPMENT_TEAM = "";
				ENABLE_PREVIEWS = YES;
				GENERATE_INFOPLIST_FILE = YES;
				INFOPLIST_FILE = Info.plist;
				INFOPLIST_KEY_CFBundleDisplayName = "AI LifeOS";
				INFOPLIST_KEY_NSUserNotificationsUsageDescription = "Used to remind you about tasks, routines, and your daily briefing.";
				INFOPLIST_KEY_UIApplicationSceneManifest_Generation = YES;
				INFOPLIST_KEY_UIApplicationSupportsIndirectInputEvents = YES;
				INFOPLIST_KEY_UILaunchScreen_Generation = YES;
				INFOPLIST_KEY_UISupportedInterfaceOrientations_iPhone = "UIInterfaceOrientationPortrait UIInterfaceOrientationLandscapeLeft UIInterfaceOrientationLandscapeRight";
				LD_RUNPATH_SEARCH_PATHS = (
					"$(inherited)",
					"@executable_path/Frameworks",
				);
				MARKETING_VERSION = 1.0;
				PRODUCT_BUNDLE_IDENTIFIER = com.ailifeos.app;
				PRODUCT_NAME = "$(TARGET_NAME)";
				SWIFT_EMIT_LOC_STRINGS = YES;
				SWIFT_VERSION = 5.0;
				TARGETED_DEVICE_FAMILY = 1;
			};
			name = Release;
		};
/* End XCBuildConfiguration section */

/* Begin XCConfigurationList section */
		A1B2C3D409234567890ABCD /* Build configuration list for PBXProject "AILifeOS" */ = {
			isa = XCConfigurationList;
			buildConfigurations = (
				A1B2C3D40B234567890ABCD /* Debug */,
				A1B2C3D40C234567890ABCD /* Release */,
			);
			defaultConfigurationIsVisible = 0;
			defaultConfigurationName = Release;
		};
		A1B2C3D40A234567890ABCD /* Build configuration list for PBXNativeTarget "AILifeOS" */ = {
			isa = XCConfigurationList;
			buildConfigurations = (
				A1B2C3D40D234567890ABCD /* Debug */,
				A1B2C3D40E234567890ABCD /* Release */,
			);
			defaultConfigurationIsVisible = 0;
			defaultConfigurationName = Release;
		};
/* End XCConfigurationList section */
	};
	rootObject = A1B2C3D401234567890ABCD /* Project object */;
}
