// !$*UTF8*$!
{
	archiveVersion = 1;
	classes = {
	};
	objectVersion = 56;
	objects = {

/* Begin PBXBuildFile section */
		49573A3DFF9AF4CE3D167F36 /* AILifeOSApp.swift in Sources */ = {isa = PBXBuildFile; fileRef = 6E086AC008977C91A338A1DA /* AILifeOSApp.swift */; };
		EA8349C9A4C2DB93C9C0D402 /* AppEnvironment.swift in Sources */ = {isa = PBXBuildFile; fileRef = F1D0FBB7BCB7DB669B78540E /* AppEnvironment.swift */; };
		BBF16B857B88DCCA32B11B6C /* MainTabView.swift in Sources */ = {isa = PBXBuildFile; fileRef = 2E39C521F984EBDA912CC93B /* MainTabView.swift */; };
		BC8D6FE6F896C5AB327B7F5A /* AppButton.swift in Sources */ = {isa = PBXBuildFile; fileRef = 018AE132370E966AEA111D24 /* AppButton.swift */; };
		DF41F20277553349EB959780 /* Chip.swift in Sources */ = {isa = PBXBuildFile; fileRef = 5070EF3AE26F2F649412B639 /* Chip.swift */; };
		B36E84B22E71017D2648A311 /* EmptyState.swift in Sources */ = {isa = PBXBuildFile; fileRef = CE9FB4712BC72F336608F22F /* EmptyState.swift */; };
		1A6ABD0BAB24AF1F1736D803 /* ErrorView.swift in Sources */ = {isa = PBXBuildFile; fileRef = 998B2F8CD496F26F3FE2ABD7 /* ErrorView.swift */; };
		1C56EBF0CFB3DD099B54AF95 /* GlassCard.swift in Sources */ = {isa = PBXBuildFile; fileRef = 6084DF64ED2AE43D675FF558 /* GlassCard.swift */; };
		E213286DF6EB28B9A822E82D /* LoadingView.swift in Sources */ = {isa = PBXBuildFile; fileRef = 39785A1BF2DD3ACA5A332BA9 /* LoadingView.swift */; };
		A8D4A47AB2FC37B8890A5643 /* ProgressRing.swift in Sources */ = {isa = PBXBuildFile; fileRef = D492E19294C92656B8FBE725 /* ProgressRing.swift */; };
		030F37106322E4182FF1D5E6 /* StreakBadge.swift in Sources */ = {isa = PBXBuildFile; fileRef = 674FD05603CC09E4AD30A908 /* StreakBadge.swift */; };
		2B6E4E17553D80E88AA00BA6 /* TaskCard.swift in Sources */ = {isa = PBXBuildFile; fileRef = 1C6EAA120853224FE4459957 /* TaskCard.swift */; };
		C77BE179C623B506A70C01F8 /* TimePickerRow.swift in Sources */ = {isa = PBXBuildFile; fileRef = 025C18ADE4AC6981D9F97737 /* TimePickerRow.swift */; };
		FE36BF2D3629A5A1EBE88B87 /* TimelineCard.swift in Sources */ = {isa = PBXBuildFile; fileRef = D9226A8E06F16FA0BF956A23 /* TimelineCard.swift */; };
		FC2C875B236A6F96AFFB3F94 /* Theme.swift in Sources */ = {isa = PBXBuildFile; fileRef = 824846D3731FCCD1FDF5F5FE /* Theme.swift */; };
		AEE0C7E4EBE235CD44C0FE7F /* APIClient.swift in Sources */ = {isa = PBXBuildFile; fileRef = 7F383EF1A5E569919BF4FD35 /* APIClient.swift */; };
		9A0E73F816868916E7D1AB15 /* APIConfig.swift in Sources */ = {isa = PBXBuildFile; fileRef = 00E3D39EF5FD794B355B22FF /* APIConfig.swift */; };
		2AF0D8D0AB9CFECFF9A5D531 /* NotificationScheduler.swift in Sources */ = {isa = PBXBuildFile; fileRef = 0D0BC58A013A858ACA9E30CD /* NotificationScheduler.swift */; };
		743F1FF0BB70FF59E2A1A961 /* ModelContainerSetup.swift in Sources */ = {isa = PBXBuildFile; fileRef = 56BFE643D7BB4ECCCC9F8FF1 /* ModelContainerSetup.swift */; };
		76A44FE55ABCBDA449B0907D /* AppSettings.swift in Sources */ = {isa = PBXBuildFile; fileRef = 755178F208188C809B4F4600 /* AppSettings.swift */; };
		5EC3F41D8C4616ED663D0A24 /* CollegeEvent.swift in Sources */ = {isa = PBXBuildFile; fileRef = EDF0D22DE06FF131190FF7D6 /* CollegeEvent.swift */; };
		91559DB0C3DF5FA20A720DD3 /* Enums.swift in Sources */ = {isa = PBXBuildFile; fileRef = 620F3F844685564D06E55D57 /* Enums.swift */; };
		34B250A7D478755BB1368294 /* Goal.swift in Sources */ = {isa = PBXBuildFile; fileRef = 49E8FE4E5E2B57E961F47608 /* Goal.swift */; };
		21E724A0B3E4E8AEA682A4B7 /* NewsArticle.swift in Sources */ = {isa = PBXBuildFile; fileRef = B6B5309F19AC721BC7DEFC95 /* NewsArticle.swift */; };
		7A3F5870A37B0C336531A9EB /* ScheduleBlock.swift in Sources */ = {isa = PBXBuildFile; fileRef = 3A5F73324508B3B2D9BC73F8 /* ScheduleBlock.swift */; };
		0684BC744B1D809B84E95309 /* Streak.swift in Sources */ = {isa = PBXBuildFile; fileRef = E698CA6B85B7986E705F2A95 /* Streak.swift */; };
		CAF813F78BB69FC76EFD1417 /* TaskItem.swift in Sources */ = {isa = PBXBuildFile; fileRef = 7B412E9884B5F164CE469281 /* TaskItem.swift */; };
		617447C882CB7FC0DEE3F06A /* UserProfile.swift in Sources */ = {isa = PBXBuildFile; fileRef = FDE0830F558628431473913E /* UserProfile.swift */; };
		8C36FE31BAC97A820503751D /* Repositories.swift in Sources */ = {isa = PBXBuildFile; fileRef = 2A6D43DEEEBB7926DB2D7E7E /* Repositories.swift */; };
		FC3BB1E481A1D1384D818812 /* DataExportService.swift in Sources */ = {isa = PBXBuildFile; fileRef = B750FF3301BB8DCA37F2B615 /* DataExportService.swift */; };
		9EC4122172091A4E6E035F43 /* FocusTimerService.swift in Sources */ = {isa = PBXBuildFile; fileRef = A02E16FDF9BABD16EAC143AF /* FocusTimerService.swift */; };
		9C0939BD6921BFEC160C1C7A /* NewsAIService.swift in Sources */ = {isa = PBXBuildFile; fileRef = E76ED3BAD52AFC896341B9DC /* NewsAIService.swift */; };
		4F7C9A49487B1EA32FFABBF3 /* RoutineGenerator.swift in Sources */ = {isa = PBXBuildFile; fileRef = FBB3890CF73349CAE0B9C024 /* RoutineGenerator.swift */; };
		BF9E22E283B5896CA49B9D0A /* ScheduleService.swift in Sources */ = {isa = PBXBuildFile; fileRef = 77386B7859D878408B9108D0 /* ScheduleService.swift */; };
		6D7A7A08BEA5B76D0586FF4C /* SleepMusicPlayer.swift in Sources */ = {isa = PBXBuildFile; fileRef = 592C33E2BE3A3DC7706901E9 /* SleepMusicPlayer.swift */; };
		40EE4A64916F6C94A1F40F0D /* StreakService.swift in Sources */ = {isa = PBXBuildFile; fileRef = 04F8AEFE121E741FE8836D0A /* StreakService.swift */; };
		A52C180A20A0549F6022C60B /* TaskService.swift in Sources */ = {isa = PBXBuildFile; fileRef = 40FDE27830806E6F225F10C4 /* TaskService.swift */; };
		462803EB88D7D959829D9424 /* DateComposer.swift in Sources */ = {isa = PBXBuildFile; fileRef = 2E6A9429B01C73CCD3E18693 /* DateComposer.swift */; };
		D7B46F8AB33EB154277D619F /* DateHelpers.swift in Sources */ = {isa = PBXBuildFile; fileRef = 7C635C78B2C07C0F197B6DC0 /* DateHelpers.swift */; };
		93C1AA7A80CF44482D203E4E /* AIChatView.swift in Sources */ = {isa = PBXBuildFile; fileRef = 81D9A98D67DDDD7454DDF12A /* AIChatView.swift */; };
		8843102954FF0549367E8ED8 /* AIHubView.swift in Sources */ = {isa = PBXBuildFile; fileRef = 5CE9B53C865EB0384D2DD81B /* AIHubView.swift */; };
		08B6459214677C2E5844A639 /* CollegeView.swift in Sources */ = {isa = PBXBuildFile; fileRef = 1B2EEA984F1EEB2C767E7A28 /* CollegeView.swift */; };
		D356F9C2C8B5F8D44116EBF7 /* FocusView.swift in Sources */ = {isa = PBXBuildFile; fileRef = 2B01E4985435337DA4E540E6 /* FocusView.swift */; };
		580417970E527FE279ADEE99 /* NewsListView.swift in Sources */ = {isa = PBXBuildFile; fileRef = 6ED5F794462C1CC99B5CD606 /* NewsListView.swift */; };
		594DD5B2CF6BDCDE0F23F81C /* OnboardingStepViews.swift in Sources */ = {isa = PBXBuildFile; fileRef = 782F7610C604F258F5D15E43 /* OnboardingStepViews.swift */; };
		06A418DD5F2ACCFF6E54D1CC /* OnboardingView.swift in Sources */ = {isa = PBXBuildFile; fileRef = E1BF66007113119C916075E6 /* OnboardingView.swift */; };
		A18C399B74FDF99ADA8D51D5 /* OnboardingViewModel.swift in Sources */ = {isa = PBXBuildFile; fileRef = 1C0CC2EBAA272BA33410FAE9 /* OnboardingViewModel.swift */; };
		D4F37AF60672D81226E761D4 /* ScheduleView.swift in Sources */ = {isa = PBXBuildFile; fileRef = 1790D542EA8BAB0FE08D59F8 /* ScheduleView.swift */; };
		AE7249A1455513BA4CB494F7 /* ProfileView.swift in Sources */ = {isa = PBXBuildFile; fileRef = 0011BCEE7F0B6071E4AE42DF /* ProfileView.swift */; };
		9CF23E6CF4A24ADB1FDD19B9 /* SleepView.swift in Sources */ = {isa = PBXBuildFile; fileRef = 5DEC7593677646AB6CC9062B /* SleepView.swift */; };
		117E5431622A86D928E84499 /* TaskFormView.swift in Sources */ = {isa = PBXBuildFile; fileRef = 4992A89721360B860FAA75F0 /* TaskFormView.swift */; };
		58860767FFCA7F4E8D0A9410 /* TasksView.swift in Sources */ = {isa = PBXBuildFile; fileRef = 6B483348EDBD875869DE07E3 /* TasksView.swift */; };
		3E63790F887B12A4FCD7890B /* TasksViewModel.swift in Sources */ = {isa = PBXBuildFile; fileRef = 595ABC83A40421B01FB77440 /* TasksViewModel.swift */; };
		530989F701CA2004F28BCD91 /* TodayView.swift in Sources */ = {isa = PBXBuildFile; fileRef = EDC29342C61BC07A03B0C87E /* TodayView.swift */; };
		F515443255B62DA9EFB16445 /* TodayViewModel.swift in Sources */ = {isa = PBXBuildFile; fileRef = E74E69234EE745BF822763BF /* TodayViewModel.swift */; };
/* End PBXBuildFile section */

/* Begin PBXFileReference section */
		A1B2C3D408234567890ABCD /* AILifeOS.app */ = {isa = PBXFileReference; explicitFileType = wrapper.application; includeInIndex = 0; path = AILifeOS.app; sourceTree = BUILT_PRODUCTS_DIR; };
		6E086AC008977C91A338A1DA /* AILifeOSApp.swift */ = {isa = PBXFileReference; lastKnownFileType = sourcecode.swift; path = "App/AILifeOSApp.swift"; sourceTree = "<group>"; };
		F1D0FBB7BCB7DB669B78540E /* AppEnvironment.swift */ = {isa = PBXFileReference; lastKnownFileType = sourcecode.swift; path = "App/AppEnvironment.swift"; sourceTree = "<group>"; };
		2E39C521F984EBDA912CC93B /* MainTabView.swift */ = {isa = PBXFileReference; lastKnownFileType = sourcecode.swift; path = "App/MainTabView.swift"; sourceTree = "<group>"; };
		018AE132370E966AEA111D24 /* AppButton.swift */ = {isa = PBXFileReference; lastKnownFileType = sourcecode.swift; path = "Core/DesignSystem/Components/AppButton.swift"; sourceTree = "<group>"; };
		5070EF3AE26F2F649412B639 /* Chip.swift */ = {isa = PBXFileReference; lastKnownFileType = sourcecode.swift; path = "Core/DesignSystem/Components/Chip.swift"; sourceTree = "<group>"; };
		CE9FB4712BC72F336608F22F /* EmptyState.swift */ = {isa = PBXFileReference; lastKnownFileType = sourcecode.swift; path = "Core/DesignSystem/Components/EmptyState.swift"; sourceTree = "<group>"; };
		998B2F8CD496F26F3FE2ABD7 /* ErrorView.swift */ = {isa = PBXFileReference; lastKnownFileType = sourcecode.swift; path = "Core/DesignSystem/Components/ErrorView.swift"; sourceTree = "<group>"; };
		6084DF64ED2AE43D675FF558 /* GlassCard.swift */ = {isa = PBXFileReference; lastKnownFileType = sourcecode.swift; path = "Core/DesignSystem/Components/GlassCard.swift"; sourceTree = "<group>"; };
		39785A1BF2DD3ACA5A332BA9 /* LoadingView.swift */ = {isa = PBXFileReference; lastKnownFileType = sourcecode.swift; path = "Core/DesignSystem/Components/LoadingView.swift"; sourceTree = "<group>"; };
		D492E19294C92656B8FBE725 /* ProgressRing.swift */ = {isa = PBXFileReference; lastKnownFileType = sourcecode.swift; path = "Core/DesignSystem/Components/ProgressRing.swift"; sourceTree = "<group>"; };
		674FD05603CC09E4AD30A908 /* StreakBadge.swift */ = {isa = PBXFileReference; lastKnownFileType = sourcecode.swift; path = "Core/DesignSystem/Components/StreakBadge.swift"; sourceTree = "<group>"; };
		1C6EAA120853224FE4459957 /* TaskCard.swift */ = {isa = PBXFileReference; lastKnownFileType = sourcecode.swift; path = "Core/DesignSystem/Components/TaskCard.swift"; sourceTree = "<group>"; };
		025C18ADE4AC6981D9F97737 /* TimePickerRow.swift */ = {isa = PBXFileReference; lastKnownFileType = sourcecode.swift; path = "Core/DesignSystem/Components/TimePickerRow.swift"; sourceTree = "<group>"; };
		D9226A8E06F16FA0BF956A23 /* TimelineCard.swift */ = {isa = PBXFileReference; lastKnownFileType = sourcecode.swift; path = "Core/DesignSystem/Components/TimelineCard.swift"; sourceTree = "<group>"; };
		824846D3731FCCD1FDF5F5FE /* Theme.swift */ = {isa = PBXFileReference; lastKnownFileType = sourcecode.swift; path = "Core/DesignSystem/Theme.swift"; sourceTree = "<group>"; };
		7F383EF1A5E569919BF4FD35 /* APIClient.swift */ = {isa = PBXFileReference; lastKnownFileType = sourcecode.swift; path = "Core/Networking/APIClient.swift"; sourceTree = "<group>"; };
		00E3D39EF5FD794B355B22FF /* APIConfig.swift */ = {isa = PBXFileReference; lastKnownFileType = sourcecode.swift; path = "Core/Networking/APIConfig.swift"; sourceTree = "<group>"; };
		0D0BC58A013A858ACA9E30CD /* NotificationScheduler.swift */ = {isa = PBXFileReference; lastKnownFileType = sourcecode.swift; path = "Core/Notifications/NotificationScheduler.swift"; sourceTree = "<group>"; };
		56BFE643D7BB4ECCCC9F8FF1 /* ModelContainerSetup.swift */ = {isa = PBXFileReference; lastKnownFileType = sourcecode.swift; path = "Core/Persistence/ModelContainerSetup.swift"; sourceTree = "<group>"; };
		755178F208188C809B4F4600 /* AppSettings.swift */ = {isa = PBXFileReference; lastKnownFileType = sourcecode.swift; path = "Core/Persistence/Models/AppSettings.swift"; sourceTree = "<group>"; };
		EDF0D22DE06FF131190FF7D6 /* CollegeEvent.swift */ = {isa = PBXFileReference; lastKnownFileType = sourcecode.swift; path = "Core/Persistence/Models/CollegeEvent.swift"; sourceTree = "<group>"; };
		620F3F844685564D06E55D57 /* Enums.swift */ = {isa = PBXFileReference; lastKnownFileType = sourcecode.swift; path = "Core/Persistence/Models/Enums.swift"; sourceTree = "<group>"; };
		49E8FE4E5E2B57E961F47608 /* Goal.swift */ = {isa = PBXFileReference; lastKnownFileType = sourcecode.swift; path = "Core/Persistence/Models/Goal.swift"; sourceTree = "<group>"; };
		B6B5309F19AC721BC7DEFC95 /* NewsArticle.swift */ = {isa = PBXFileReference; lastKnownFileType = sourcecode.swift; path = "Core/Persistence/Models/NewsArticle.swift"; sourceTree = "<group>"; };
		3A5F73324508B3B2D9BC73F8 /* ScheduleBlock.swift */ = {isa = PBXFileReference; lastKnownFileType = sourcecode.swift; path = "Core/Persistence/Models/ScheduleBlock.swift"; sourceTree = "<group>"; };
		E698CA6B85B7986E705F2A95 /* Streak.swift */ = {isa = PBXFileReference; lastKnownFileType = sourcecode.swift; path = "Core/Persistence/Models/Streak.swift"; sourceTree = "<group>"; };
		7B412E9884B5F164CE469281 /* TaskItem.swift */ = {isa = PBXFileReference; lastKnownFileType = sourcecode.swift; path = "Core/Persistence/Models/TaskItem.swift"; sourceTree = "<group>"; };
		FDE0830F558628431473913E /* UserProfile.swift */ = {isa = PBXFileReference; lastKnownFileType = sourcecode.swift; path = "Core/Persistence/Models/UserProfile.swift"; sourceTree = "<group>"; };
		2A6D43DEEEBB7926DB2D7E7E /* Repositories.swift */ = {isa = PBXFileReference; lastKnownFileType = sourcecode.swift; path = "Core/Persistence/Repositories/Repositories.swift"; sourceTree = "<group>"; };
		B750FF3301BB8DCA37F2B615 /* DataExportService.swift */ = {isa = PBXFileReference; lastKnownFileType = sourcecode.swift; path = "Core/Services/DataExportService.swift"; sourceTree = "<group>"; };
		A02E16FDF9BABD16EAC143AF /* FocusTimerService.swift */ = {isa = PBXFileReference; lastKnownFileType = sourcecode.swift; path = "Core/Services/FocusTimerService.swift"; sourceTree = "<group>"; };
		E76ED3BAD52AFC896341B9DC /* NewsAIService.swift */ = {isa = PBXFileReference; lastKnownFileType = sourcecode.swift; path = "Core/Services/NewsAIService.swift"; sourceTree = "<group>"; };
		FBB3890CF73349CAE0B9C024 /* RoutineGenerator.swift */ = {isa = PBXFileReference; lastKnownFileType = sourcecode.swift; path = "Core/Services/RoutineGenerator.swift"; sourceTree = "<group>"; };
		77386B7859D878408B9108D0 /* ScheduleService.swift */ = {isa = PBXFileReference; lastKnownFileType = sourcecode.swift; path = "Core/Services/ScheduleService.swift"; sourceTree = "<group>"; };
		592C33E2BE3A3DC7706901E9 /* SleepMusicPlayer.swift */ = {isa = PBXFileReference; lastKnownFileType = sourcecode.swift; path = "Core/Services/SleepMusicPlayer.swift"; sourceTree = "<group>"; };
		04F8AEFE121E741FE8836D0A /* StreakService.swift */ = {isa = PBXFileReference; lastKnownFileType = sourcecode.swift; path = "Core/Services/StreakService.swift"; sourceTree = "<group>"; };
		40FDE27830806E6F225F10C4 /* TaskService.swift */ = {isa = PBXFileReference; lastKnownFileType = sourcecode.swift; path = "Core/Services/TaskService.swift"; sourceTree = "<group>"; };
		2E6A9429B01C73CCD3E18693 /* DateComposer.swift */ = {isa = PBXFileReference; lastKnownFileType = sourcecode.swift; path = "Core/Utilities/DateComposer.swift"; sourceTree = "<group>"; };
		7C635C78B2C07C0F197B6DC0 /* DateHelpers.swift */ = {isa = PBXFileReference; lastKnownFileType = sourcecode.swift; path = "Core/Utilities/DateHelpers.swift"; sourceTree = "<group>"; };
		81D9A98D67DDDD7454DDF12A /* AIChatView.swift */ = {isa = PBXFileReference; lastKnownFileType = sourcecode.swift; path = "Features/AI/AIChatView.swift"; sourceTree = "<group>"; };
		5CE9B53C865EB0384D2DD81B /* AIHubView.swift */ = {isa = PBXFileReference; lastKnownFileType = sourcecode.swift; path = "Features/AI/AIHubView.swift"; sourceTree = "<group>"; };
		1B2EEA984F1EEB2C767E7A28 /* CollegeView.swift */ = {isa = PBXFileReference; lastKnownFileType = sourcecode.swift; path = "Features/College/CollegeView.swift"; sourceTree = "<group>"; };
		2B01E4985435337DA4E540E6 /* FocusView.swift */ = {isa = PBXFileReference; lastKnownFileType = sourcecode.swift; path = "Features/Focus/FocusView.swift"; sourceTree = "<group>"; };
		6ED5F794462C1CC99B5CD606 /* NewsListView.swift */ = {isa = PBXFileReference; lastKnownFileType = sourcecode.swift; path = "Features/News/NewsListView.swift"; sourceTree = "<group>"; };
		782F7610C604F258F5D15E43 /* OnboardingStepViews.swift */ = {isa = PBXFileReference; lastKnownFileType = sourcecode.swift; path = "Features/Onboarding/OnboardingStepViews.swift"; sourceTree = "<group>"; };
		E1BF66007113119C916075E6 /* OnboardingView.swift */ = {isa = PBXFileReference; lastKnownFileType = sourcecode.swift; path = "Features/Onboarding/OnboardingView.swift"; sourceTree = "<group>"; };
		1C0CC2EBAA272BA33410FAE9 /* OnboardingViewModel.swift */ = {isa = PBXFileReference; lastKnownFileType = sourcecode.swift; path = "Features/Onboarding/OnboardingViewModel.swift"; sourceTree = "<group>"; };
		1790D542EA8BAB0FE08D59F8 /* ScheduleView.swift */ = {isa = PBXFileReference; lastKnownFileType = sourcecode.swift; path = "Features/Schedule/ScheduleView.swift"; sourceTree = "<group>"; };
		0011BCEE7F0B6071E4AE42DF /* ProfileView.swift */ = {isa = PBXFileReference; lastKnownFileType = sourcecode.swift; path = "Features/Settings/ProfileView.swift"; sourceTree = "<group>"; };
		5DEC7593677646AB6CC9062B /* SleepView.swift */ = {isa = PBXFileReference; lastKnownFileType = sourcecode.swift; path = "Features/Sleep/SleepView.swift"; sourceTree = "<group>"; };
		4992A89721360B860FAA75F0 /* TaskFormView.swift */ = {isa = PBXFileReference; lastKnownFileType = sourcecode.swift; path = "Features/Tasks/TaskFormView.swift"; sourceTree = "<group>"; };
		6B483348EDBD875869DE07E3 /* TasksView.swift */ = {isa = PBXFileReference; lastKnownFileType = sourcecode.swift; path = "Features/Tasks/TasksView.swift"; sourceTree = "<group>"; };
		595ABC83A40421B01FB77440 /* TasksViewModel.swift */ = {isa = PBXFileReference; lastKnownFileType = sourcecode.swift; path = "Features/Tasks/TasksViewModel.swift"; sourceTree = "<group>"; };
		EDC29342C61BC07A03B0C87E /* TodayView.swift */ = {isa = PBXFileReference; lastKnownFileType = sourcecode.swift; path = "Features/Today/TodayView.swift"; sourceTree = "<group>"; };
		E74E69234EE745BF822763BF /* TodayViewModel.swift */ = {isa = PBXFileReference; lastKnownFileType = sourcecode.swift; path = "Features/Today/TodayViewModel.swift"; sourceTree = "<group>"; };
/* End PBXFileReference section */

/* Begin PBXFrameworksBuildPhase section */
		A1B2C3D406234567890ABCD /* Frameworks */ = {
			isa = PBXFrameworksBuildPhase;
			buildActionMask = 2147483647;
			files = (
			);
			runOnlyForDeploymentPostprocessing = 0;
		};
/* End PBXFrameworksBuildPhase section */

/* Begin PBXGroup section */
		A1B2C3D404234567890ABCD /* Products */ = {
			isa = PBXGroup;
			children = (
				A1B2C3D408234567890ABCD /* AILifeOS.app */,
			);
			name = Products;
			sourceTree = "<group>";
		};
		7BDF21D5350607BFF22C2709 = {
			isa = PBXGroup;
			children = (
				A1B2C3D404234567890ABCD,
				C2E0A4CA48C8DE8CE6F922AF,
				F25AD9C5A4E8C459A475668D,
				578B2863A15D1F79DCF3A961,
				C8B6DEC2317CD2F5760391C8,
				C6D98EE70E243490D9F82562,
			);
			sourceTree = "<group>";
		};
		C2E0A4CA48C8DE8CE6F922AF = {
			isa = PBXGroup;
			children = (
				6E086AC008977C91A338A1DA,
				F1D0FBB7BCB7DB669B78540E,
				2E39C521F984EBDA912CC93B,
			);
			path = App;
			sourceTree = "<group>";
		};
		F25AD9C5A4E8C459A475668D = {
			isa = PBXGroup;
			children = (
				D614FEEC114E285B58367174,
				E539674E44E4285FDD0D9A17,
			);
			path = Assets.xcassets;
			sourceTree = "<group>";
		};
		D614FEEC114E285B58367174 = {
			isa = PBXGroup;
			children = (
			);
			path = AccentColor.colorset;
			sourceTree = "<group>";
		};
		E539674E44E4285FDD0D9A17 = {
			isa = PBXGroup;
			children = (
			);
			path = AppIcon.appiconset;
			sourceTree = "<group>";
		};
		578B2863A15D1F79DCF3A961 = {
			isa = PBXGroup;
			children = (
				63722DD63A1E2ECF9C554427,
				82CC4E822EF882A70E7FF69A,
				8BFF0A6B9CF0E3B5A345714A,
				6D43471A22CF3305CABF85A2,
				87ACA507FC9B2B6DB343EB0F,
				D37B88DE772292C7D20D70B6,
			);
			path = Core;
			sourceTree = "<group>";
		};
		63722DD63A1E2ECF9C554427 = {
			isa = PBXGroup;
			children = (
				61B5454C127C176294DFB10D,
				824846D3731FCCD1FDF5F5FE,
			);
			path = DesignSystem;
			sourceTree = "<group>";
		};
		61B5454C127C176294DFB10D = {
			isa = PBXGroup;
			children = (
				018AE132370E966AEA111D24,
				5070EF3AE26F2F649412B639,
				CE9FB4712BC72F336608F22F,
				998B2F8CD496F26F3FE2ABD7,
				6084DF64ED2AE43D675FF558,
				39785A1BF2DD3ACA5A332BA9,
				D492E19294C92656B8FBE725,
				674FD05603CC09E4AD30A908,
				1C6EAA120853224FE4459957,
				025C18ADE4AC6981D9F97737,
				D9226A8E06F16FA0BF956A23,
			);
			path = Components;
			sourceTree = "<group>";
		};
		82CC4E822EF882A70E7FF69A = {
			isa = PBXGroup;
			children = (
				7F383EF1A5E569919BF4FD35,
				00E3D39EF5FD794B355B22FF,
			);
			path = Networking;
			sourceTree = "<group>";
		};
		8BFF0A6B9CF0E3B5A345714A = {
			isa = PBXGroup;
			children = (
				0D0BC58A013A858ACA9E30CD,
			);
			path = Notifications;
			sourceTree = "<group>";
		};
		6D43471A22CF3305CABF85A2 = {
			isa = PBXGroup;
			children = (
				56BFE643D7BB4ECCCC9F8FF1,
				AE57C93A2D3FC1A769BAE2D6,
				8444BDB9B8ABDCD088673409,
			);
			path = Persistence;
			sourceTree = "<group>";
		};
		AE57C93A2D3FC1A769BAE2D6 = {
			isa = PBXGroup;
			children = (
				755178F208188C809B4F4600,
				EDF0D22DE06FF131190FF7D6,
				620F3F844685564D06E55D57,
				49E8FE4E5E2B57E961F47608,
				B6B5309F19AC721BC7DEFC95,
				3A5F73324508B3B2D9BC73F8,
				E698CA6B85B7986E705F2A95,
				7B412E9884B5F164CE469281,
				FDE0830F558628431473913E,
			);
			path = Models;
			sourceTree = "<group>";
		};
		8444BDB9B8ABDCD088673409 = {
			isa = PBXGroup;
			children = (
				2A6D43DEEEBB7926DB2D7E7E,
			);
			path = Repositories;
			sourceTree = "<group>";
		};
		87ACA507FC9B2B6DB343EB0F = {
			isa = PBXGroup;
			children = (
				B750FF3301BB8DCA37F2B615,
				A02E16FDF9BABD16EAC143AF,
				E76ED3BAD52AFC896341B9DC,
				FBB3890CF73349CAE0B9C024,
				77386B7859D878408B9108D0,
				592C33E2BE3A3DC7706901E9,
				04F8AEFE121E741FE8836D0A,
				40FDE27830806E6F225F10C4,
			);
			path = Services;
			sourceTree = "<group>";
		};
		D37B88DE772292C7D20D70B6 = {
			isa = PBXGroup;
			children = (
				2E6A9429B01C73CCD3E18693,
				7C635C78B2C07C0F197B6DC0,
			);
			path = Utilities;
			sourceTree = "<group>";
		};
		C8B6DEC2317CD2F5760391C8 = {
			isa = PBXGroup;
			children = (
				BECBF362FED6C8FB10BB66F8,
				455684AEA9D13A0F1C47CFD6,
				F88EE74BBB2D901E624C14F9,
				B164FDC8DB7D6F8C5EF71AB4,
				85F7289C12ABE70A2DB97BB4,
				5253DD81C4DD80B4A1FA0E8E,
				785638217223559EA9DAE4EC,
				90E5DF1242C387721D549673,
				2F8AB99CCD296E8F54A4614A,
				BD414D1957084222DFFC5EA1,
			);
			path = Features;
			sourceTree = "<group>";
		};
		BECBF362FED6C8FB10BB66F8 = {
			isa = PBXGroup;
			children = (
				81D9A98D67DDDD7454DDF12A,
				5CE9B53C865EB0384D2DD81B,
			);
			path = AI;
			sourceTree = "<group>";
		};
		455684AEA9D13A0F1C47CFD6 = {
			isa = PBXGroup;
			children = (
				1B2EEA984F1EEB2C767E7A28,
			);
			path = College;
			sourceTree = "<group>";
		};
		F88EE74BBB2D901E624C14F9 = {
			isa = PBXGroup;
			children = (
				2B01E4985435337DA4E540E6,
			);
			path = Focus;
			sourceTree = "<group>";
		};
		B164FDC8DB7D6F8C5EF71AB4 = {
			isa = PBXGroup;
			children = (
				6ED5F794462C1CC99B5CD606,
			);
			path = News;
			sourceTree = "<group>";
		};
		85F7289C12ABE70A2DB97BB4 = {
			isa = PBXGroup;
			children = (
				782F7610C604F258F5D15E43,
				E1BF66007113119C916075E6,
				1C0CC2EBAA272BA33410FAE9,
			);
			path = Onboarding;
			sourceTree = "<group>";
		};
		5253DD81C4DD80B4A1FA0E8E = {
			isa = PBXGroup;
			children = (
				1790D542EA8BAB0FE08D59F8,
			);
			path = Schedule;
			sourceTree = "<group>";
		};
		785638217223559EA9DAE4EC = {
			isa = PBXGroup;
			children = (
				0011BCEE7F0B6071E4AE42DF,
			);
			path = Settings;
			sourceTree = "<group>";
		};
		90E5DF1242C387721D549673 = {
			isa = PBXGroup;
			children = (
				5DEC7593677646AB6CC9062B,
			);
			path = Sleep;
			sourceTree = "<group>";
		};
		2F8AB99CCD296E8F54A4614A = {
			isa = PBXGroup;
			children = (
				4992A89721360B860FAA75F0,
				6B483348EDBD875869DE07E3,
				595ABC83A40421B01FB77440,
			);
			path = Tasks;
			sourceTree = "<group>";
		};
		BD414D1957084222DFFC5EA1 = {
			isa = PBXGroup;
			children = (
				EDC29342C61BC07A03B0C87E,
				E74E69234EE745BF822763BF,
			);
			path = Today;
			sourceTree = "<group>";
		};
		C6D98EE70E243490D9F82562 = {
			isa = PBXGroup;
			children = (
			);
			path = Tests;
			sourceTree = "<group>";
		};
/* End PBXGroup section */

/* Begin PBXNativeTarget section */
		A1B2C3D402234567890ABCD /* AILifeOS */ = {
			isa = PBXNativeTarget;
			buildConfigurationList = A1B2C3D40A234567890ABCD /* Build configuration list for PBXNativeTarget "AILifeOS" */;
			buildPhases = (
				A1B2C3D405234567890ABCD /* Sources */,
				A1B2C3D406234567890ABCD /* Frameworks */,
				A1B2C3D407234567890ABCD /* Resources */,
			);
			buildRules = (
			);
			dependencies = (
			);
			name = AILifeOS;
			productName = AILifeOS;
			productReference = A1B2C3D408234567890ABCD /* AILifeOS.app */;
			productType = "com.apple.product-type.application";
		};
/* End PBXNativeTarget section */

/* Begin PBXProject section */
		A1B2C3D401234567890ABCD /* Project object */ = {
			isa = PBXProject;
			attributes = {
				BuildIndependentTargetsInParallel = 1;
				LastSwiftUpdateCheck = 1500;
				LastUpgradeCheck = 1500;
				TargetAttributes = {
					A1B2C3D402234567890ABCD = {
						CreatedOnToolsVersion = 15.0;
					};
				};
			};
			buildConfigurationList = A1B2C3D409234567890ABCD /* Build configuration list for PBXProject "AILifeOS" */;
			compatibilityVersion = "Xcode 14.0";
			developmentRegion = en;
			hasScannedForEncodings = 0;
			knownRegions = (
				en,
				Base,
			);
			mainGroup = 7BDF21D5350607BFF22C2709;
			productRefGroup = A1B2C3D404234567890ABCD /* Products */;
			projectDirPath = "";
			projectRoot = "";
			targets = (
				A1B2C3D402234567890ABCD /* AILifeOS */,
			);
		};
/* End PBXProject section */

/* Begin PBXResourcesBuildPhase section */
		A1B2C3D407234567890ABCD /* Resources */ = {
			isa = PBXResourcesBuildPhase;
			buildActionMask = 2147483647;
			files = (
			);
			runOnlyForDeploymentPostprocessing = 0;
		};
/* End PBXResourcesBuildPhase section */

/* Begin PBXSourcesBuildPhase section */
		A1B2C3D405234567890ABCD /* Sources */ = {
			isa = PBXSourcesBuildPhase;
			buildActionMask = 2147483647;
			files = (
				49573A3DFF9AF4CE3D167F36 /* AILifeOSApp.swift in Sources */,
				EA8349C9A4C2DB93C9C0D402 /* AppEnvironment.swift in Sources */,
				BBF16B857B88DCCA32B11B6C /* MainTabView.swift in Sources */,
				BC8D6FE6F896C5AB327B7F5A /* AppButton.swift in Sources */,
				DF41F20277553349EB959780 /* Chip.swift in Sources */,
				B36E84B22E71017D2648A311 /* EmptyState.swift in Sources */,
				1A6ABD0BAB24AF1F1736D803 /* ErrorView.swift in Sources */,
				1C56EBF0CFB3DD099B54AF95 /* GlassCard.swift in Sources */,
				E213286DF6EB28B9A822E82D /* LoadingView.swift in Sources */,
				A8D4A47AB2FC37B8890A5643 /* ProgressRing.swift in Sources */,
				030F37106322E4182FF1D5E6 /* StreakBadge.swift in Sources */,
				2B6E4E17553D80E88AA00BA6 /* TaskCard.swift in Sources */,
				C77BE179C623B506A70C01F8 /* TimePickerRow.swift in Sources */,
				FE36BF2D3629A5A1EBE88B87 /* TimelineCard.swift in Sources */,
				FC2C875B236A6F96AFFB3F94 /* Theme.swift in Sources */,
				AEE0C7E4EBE235CD44C0FE7F /* APIClient.swift in Sources */,
				9A0E73F816868916E7D1AB15 /* APIConfig.swift in Sources */,
				2AF0D8D0AB9CFECFF9A5D531 /* NotificationScheduler.swift in Sources */,
				743F1FF0BB70FF59E2A1A961 /* ModelContainerSetup.swift in Sources */,
				76A44FE55ABCBDA449B0907D /* AppSettings.swift in Sources */,
				5EC3F41D8C4616ED663D0A24 /* CollegeEvent.swift in Sources */,
				91559DB0C3DF5FA20A720DD3 /* Enums.swift in Sources */,
				34B250A7D478755BB1368294 /* Goal.swift in Sources */,
				21E724A0B3E4E8AEA682A4B7 /* NewsArticle.swift in Sources */,
				7A3F5870A37B0C336531A9EB /* ScheduleBlock.swift in Sources */,
				0684BC744B1D809B84E95309 /* Streak.swift in Sources */,
				CAF813F78BB69FC76EFD1417 /* TaskItem.swift in Sources */,
				617447C882CB7FC0DEE3F06A /* UserProfile.swift in Sources */,
				8C36FE31BAC97A820503751D /* Repositories.swift in Sources */,
				FC3BB1E481A1D1384D818812 /* DataExportService.swift in Sources */,
				9EC4122172091A4E6E035F43 /* FocusTimerService.swift in Sources */,
				9C0939BD6921BFEC160C1C7A /* NewsAIService.swift in Sources */,
				4F7C9A49487B1EA32FFABBF3 /* RoutineGenerator.swift in Sources */,
				BF9E22E283B5896CA49B9D0A /* ScheduleService.swift in Sources */,
				6D7A7A08BEA5B76D0586FF4C /* SleepMusicPlayer.swift in Sources */,
				40EE4A64916F6C94A1F40F0D /* StreakService.swift in Sources */,
				A52C180A20A0549F6022C60B /* TaskService.swift in Sources */,
				462803EB88D7D959829D9424 /* DateComposer.swift in Sources */,
				D7B46F8AB33EB154277D619F /* DateHelpers.swift in Sources */,
				93C1AA7A80CF44482D203E4E /* AIChatView.swift in Sources */,
				8843102954FF0549367E8ED8 /* AIHubView.swift in Sources */,
				08B6459214677C2E5844A639 /* CollegeView.swift in Sources */,
				D356F9C2C8B5F8D44116EBF7 /* FocusView.swift in Sources */,
				580417970E527FE279ADEE99 /* NewsListView.swift in Sources */,
				594DD5B2CF6BDCDE0F23F81C /* OnboardingStepViews.swift in Sources */,
				06A418DD5F2ACCFF6E54D1CC /* OnboardingView.swift in Sources */,
				A18C399B74FDF99ADA8D51D5 /* OnboardingViewModel.swift in Sources */,
				D4F37AF60672D81226E761D4 /* ScheduleView.swift in Sources */,
				AE7249A1455513BA4CB494F7 /* ProfileView.swift in Sources */,
				9CF23E6CF4A24ADB1FDD19B9 /* SleepView.swift in Sources */,
				117E5431622A86D928E84499 /* TaskFormView.swift in Sources */,
				58860767FFCA7F4E8D0A9410 /* TasksView.swift in Sources */,
				3E63790F887B12A4FCD7890B /* TasksViewModel.swift in Sources */,
				530989F701CA2004F28BCD91 /* TodayView.swift in Sources */,
				F515443255B62DA9EFB16445 /* TodayViewModel.swift in Sources */,
			);
			runOnlyForDeploymentPostprocessing = 0;
		};
/* End PBXSourcesBuildPhase section */

/* Begin XCBuildConfiguration section */
		A1B2C3D40B234567890ABCD /* Debug */ = {
			isa = XCBuildConfiguration;
			buildSettings = {
				ALWAYS_SEARCH_USER_PATHS = NO;
				CLANG_ENABLE_MODULES = YES;
				CLANG_ENABLE_OBJC_ARC = YES;
				COPY_PHASE_STRIP = NO;
				DEBUG_INFORMATION_FORMAT = dwarf;
				ENABLE_STRICT_OBJC_MSGSEND = YES;
				ENABLE_TESTABILITY = YES;
				GCC_DYNAMIC_NO_PIC = NO;
				GCC_OPTIMIZATION_LEVEL = 0;
				GCC_PREPROCESSOR_DEFINITIONS = (
					"DEBUG=1",
					"$(inherited)",
				);
				IPHONEOS_DEPLOYMENT_TARGET = 17.0;
				MTL_ENABLE_DEBUG_INFO = INCLUDE_SOURCE;
				ONLY_ACTIVE_ARCH = YES;
				SDKROOT = iphoneos;
				SWIFT_ACTIVE_COMPILATION_CONDITIONS = DEBUG;
				SWIFT_OPTIMIZATION_LEVEL = "-Onone";
			};
			name = Debug;
		};
		A1B2C3D40C234567890ABCD /* Release */ = {
			isa = XCBuildConfiguration;
			buildSettings = {
				ALWAYS_SEARCH_USER_PATHS = NO;
				CLANG_ENABLE_MODULES = YES;
				CLANG_ENABLE_OBJC_ARC = YES;
				COPY_PHASE_STRIP = NO;
				DEBUG_INFORMATION_FORMAT = "dwarf-with-dsym";
				ENABLE_NS_ASSERTIONS = NO;
				ENABLE_STRICT_OBJC_MSGSEND = YES;
				IPHONEOS_DEPLOYMENT_TARGET = 17.0;
				MTL_ENABLE_DEBUG_INFO = NO;
				SDKROOT = iphoneos;
				SWIFT_COMPILATION_MODE = wholemodule;
				VALIDATE_PRODUCT = YES;
			};
			name = Release;
		};
		A1B2C3D40D234567890ABCD /* Debug */ = {
			isa = XCBuildConfiguration;
			buildSettings = {
				ASSETCATALOG_COMPILER_APPICON_NAME = AppIcon;
				ASSETCATALOG_COMPILER_GLOBAL_ACCENT_COLOR_NAME = AccentColor;
				CODE_SIGN_STYLE = Automatic;
				CURRENT_PROJECT_VERSION = 1;
				DEVELOPMENT_TEAM = "";
				ENABLE_PREVIEWS = YES;
				GENERATE_INFOPLIST_FILE = YES;
				INFOPLIST_FILE = Info.plist;
				INFOPLIST_KEY_CFBundleDisplayName = "AI LifeOS";
				INFOPLIST_KEY_NSUserNotificationsUsageDescription = "Used to remind you about tasks, routines, and your daily briefing.";
				INFOPLIST_KEY_UIApplicationSceneManifest_Generation = YES;
				INFOPLIST_KEY_UIApplicationSupportsIndirectInputEvents = YES;
				INFOPLIST_KEY_UILaunchScreen_Generation = YES;
				INFOPLIST_KEY_UISupportedInterfaceOrientations_iPhone = "UIInterfaceOrientationPortrait UIInterfaceOrientationLandscapeLeft UIInterfaceOrientationLandscapeRight";
				LD_RUNPATH_SEARCH_PATHS = (
					"$(inherited)",
					"@executable_path/Frameworks",
				);
				MARKETING_VERSION = 1.0;
				PRODUCT_BUNDLE_IDENTIFIER = com.ailifeos.app;
				PRODUCT_NAME = "$(TARGET_NAME)";
				SWIFT_EMIT_LOC_STRINGS = YES;
				SWIFT_VERSION = 5.0;
				TARGETED_DEVICE_FAMILY = 1;
			};
			name = Debug;
		};
		A1B2C3D40E234567890ABCD /* Release */ = {
			isa = XCBuildConfiguration;
			buildSettings = {
				ASSETCATALOG_COMPILER_APPICON_NAME = AppIcon;
				ASSETCATALOG_COMPILER_GLOBAL_ACCENT_COLOR_NAME = AccentColor;
				CODE_SIGN_STYLE = Automatic;
				CURRENT_PROJECT_VERSION = 1;
				DEVELOPMENT_TEAM = "";
				ENABLE_PREVIEWS = YES;
				GENERATE_INFOPLIST_FILE = YES;
				INFOPLIST_FILE = Info.plist;
				INFOPLIST_KEY_CFBundleDisplayName = "AI LifeOS";
				INFOPLIST_KEY_NSUserNotificationsUsageDescription = "Used to remind you about tasks, routines, and your daily briefing.";
				INFOPLIST_KEY_UIApplicationSceneManifest_Generation = YES;
				INFOPLIST_KEY_UIApplicationSupportsIndirectInputEvents = YES;
				INFOPLIST_KEY_UILaunchScreen_Generation = YES;
				INFOPLIST_KEY_UISupportedInterfaceOrientations_iPhone = "UIInterfaceOrientationPortrait UIInterfaceOrientationLandscapeLeft UIInterfaceOrientationLandscapeRight";
				LD_RUNPATH_SEARCH_PATHS = (
					"$(inherited)",
					"@executable_path/Frameworks",
				);
				MARKETING_VERSION = 1.0;
				PRODUCT_BUNDLE_IDENTIFIER = com.ailifeos.app;
				PRODUCT_NAME = "$(TARGET_NAME)";
				SWIFT_EMIT_LOC_STRINGS = YES;
				SWIFT_VERSION = 5.0;
				TARGETED_DEVICE_FAMILY = 1;
			};
			name = Release;
		};
/* End XCBuildConfiguration section */

/* Begin XCConfigurationList section */
		A1B2C3D409234567890ABCD /* Build configuration list for PBXProject "AILifeOS" */ = {
			isa = XCConfigurationList;
			buildConfigurations = (
				A1B2C3D40B234567890ABCD /* Debug */,
				A1B2C3D40C234567890ABCD /* Release */,
			);
			defaultConfigurationIsVisible = 0;
			defaultConfigurationName = Release;
		};
		A1B2C3D40A234567890ABCD /* Build configuration list for PBXNativeTarget "AILifeOS" */ = {
			isa = XCConfigurationList;
			buildConfigurations = (
				A1B2C3D40D234567890ABCD /* Debug */,
				A1B2C3D40E234567890ABCD /* Release */,
			);
			defaultConfigurationIsVisible = 0;
			defaultConfigurationName = Release;
		};
/* End XCConfigurationList section */
	};
	rootObject = A1B2C3D401234567890ABCD /* Project object */;
}
